# This file is automatically @generated by Cargo.
# It is not intended for manual editing.
version = 4

[[package]]
name = "image_codecs"
version = "0.1.0"
source = "git+https://github.com/kirill146/image_codecs#18263b7af2809075cc334e95e01620abb52ec664"

[[package]]
name = "sponza-cmp"
version = "0.1.0"
dependencies = [
 "image_codecs",
]
